
Microsoft Visual Studio Solution File, Format Version 12.00
# Visual Studio Version 17
VisualStudioVersion = 17.2.32526.322
MinimumVisualStudioVersion = 10.0.40219.1
Project("{FAE04EC0-301F-11D3-BF4B-00C04F79EFBC}") = "ContentPipe.Example", "ContentPipe.Example\ContentPipe.Example.csproj", "{C4743E52-0CAC-4DFA-BD24-51AA3DDD3989}"
EndProject
Project("{FAE04EC0-301F-11D3-BF4B-00C04F79EFBC}") = "ContentPipe.Core", "ContentPipe.Core\ContentPipe.Core.csproj", "{7C0AB57D-EA85-4AF3-B860-32B1070A104E}"
EndProject
Project("{FAE04EC0-301F-11D3-BF4B-00C04F79EFBC}") = "ContentPipe.Extras", "ContentPipe.Extras\ContentPipe.Extras.csproj", "{2166977E-A7F9-4BF7-B257-6FAB904495BC}"
EndProject
Project("{FAE04EC0-301F-11D3-BF4B-00C04F79EFBC}") = "QoiSharp", "QoiSharp\QoiSharp.csproj", "{1B8ABE83-F8B6-47E3-A33F-D924EC4786EA}"
EndProject
Global
	GlobalSection(SolutionConfigurationPlatforms) = preSolution
		Debug 32bit|Any CPU = Debug 32bit|Any CPU
		Debug 32bit|x64 = Debug 32bit|x64
		Debug 32bit|x86 = Debug 32bit|x86
		Debug 64bit|Any CPU = Debug 64bit|Any CPU
		Debug 64bit|x64 = Debug 64bit|x64
		Debug 64bit|x86 = Debug 64bit|x86
		Debug 64bit-no-nan-tagging|Any CPU = Debug 64bit-no-nan-tagging|Any CPU
		Debug 64bit-no-nan-tagging|x64 = Debug 64bit-no-nan-tagging|x64
		Debug 64bit-no-nan-tagging|x86 = Debug 64bit-no-nan-tagging|x86
		Debug|Any CPU = Debug|Any CPU
		Debug|x64 = Debug|x64
		Debug|x86 = Debug|x86
		Release 32bit|Any CPU = Release 32bit|Any CPU
		Release 32bit|x64 = Release 32bit|x64
		Release 32bit|x86 = Release 32bit|x86
		Release 64bit|Any CPU = Release 64bit|Any CPU
		Release 64bit|x64 = Release 64bit|x64
		Release 64bit|x86 = Release 64bit|x86
		Release 64bit-no-nan-tagging|Any CPU = Release 64bit-no-nan-tagging|Any CPU
		Release 64bit-no-nan-tagging|x64 = Release 64bit-no-nan-tagging|x64
		Release 64bit-no-nan-tagging|x86 = Release 64bit-no-nan-tagging|x86
		Release|Any CPU = Release|Any CPU
		Release|x64 = Release|x64
		Release|x86 = Release|x86
	EndGlobalSection
	GlobalSection(ProjectConfigurationPlatforms) = postSolution
		{C4743E52-0CAC-4DFA-BD24-51AA3DDD3989}.Debug 32bit|Any CPU.ActiveCfg = Debug|Any CPU
		{C4743E52-0CAC-4DFA-BD24-51AA3DDD3989}.Debug 32bit|Any CPU.Build.0 = Debug|Any CPU
		{C4743E52-0CAC-4DFA-BD24-51AA3DDD3989}.Debug 32bit|x64.ActiveCfg = Debug|x64
		{C4743E52-0CAC-4DFA-BD24-51AA3DDD3989}.Debug 32bit|x64.Build.0 = Debug|x64
		{C4743E52-0CAC-4DFA-BD24-51AA3DDD3989}.Debug 32bit|x86.ActiveCfg = Debug|Any CPU
		{C4743E52-0CAC-4DFA-BD24-51AA3DDD3989}.Debug 32bit|x86.Build.0 = Debug|Any CPU
		{C4743E52-0CAC-4DFA-BD24-51AA3DDD3989}.Debug 64bit|Any CPU.ActiveCfg = Debug|Any CPU
		{C4743E52-0CAC-4DFA-BD24-51AA3DDD3989}.Debug 64bit|Any CPU.Build.0 = Debug|Any CPU
		{C4743E52-0CAC-4DFA-BD24-51AA3DDD3989}.Debug 64bit|x64.ActiveCfg = Debug|x64
		{C4743E52-0CAC-4DFA-BD24-51AA3DDD3989}.Debug 64bit|x64.Build.0 = Debug|x64
		{C4743E52-0CAC-4DFA-BD24-51AA3DDD3989}.Debug 64bit|x86.ActiveCfg = Debug|Any CPU
		{C4743E52-0CAC-4DFA-BD24-51AA3DDD3989}.Debug 64bit|x86.Build.0 = Debug|Any CPU
		{C4743E52-0CAC-4DFA-BD24-51AA3DDD3989}.Debug 64bit-no-nan-tagging|Any CPU.ActiveCfg = Debug|Any CPU
		{C4743E52-0CAC-4DFA-BD24-51AA3DDD3989}.Debug 64bit-no-nan-tagging|Any CPU.Build.0 = Debug|Any CPU
		{C4743E52-0CAC-4DFA-BD24-51AA3DDD3989}.Debug 64bit-no-nan-tagging|x64.ActiveCfg = Debug|x64
		{C4743E52-0CAC-4DFA-BD24-51AA3DDD3989}.Debug 64bit-no-nan-tagging|x64.Build.0 = Debug|x64
		{C4743E52-0CAC-4DFA-BD24-51AA3DDD3989}.Debug 64bit-no-nan-tagging|x86.ActiveCfg = Debug|Any CPU
		{C4743E52-0CAC-4DFA-BD24-51AA3DDD3989}.Debug 64bit-no-nan-tagging|x86.Build.0 = Debug|Any CPU
		{C4743E52-0CAC-4DFA-BD24-51AA3DDD3989}.Debug|Any CPU.ActiveCfg = Debug|Any CPU
		{C4743E52-0CAC-4DFA-BD24-51AA3DDD3989}.Debug|Any CPU.Build.0 = Debug|Any CPU
		{C4743E52-0CAC-4DFA-BD24-51AA3DDD3989}.Debug|x64.ActiveCfg = Debug|x64
		{C4743E52-0CAC-4DFA-BD24-51AA3DDD3989}.Debug|x64.Build.0 = Debug|x64
		{C4743E52-0CAC-4DFA-BD24-51AA3DDD3989}.Debug|x86.ActiveCfg = Debug|Any CPU
		{C4743E52-0CAC-4DFA-BD24-51AA3DDD3989}.Debug|x86.Build.0 = Debug|Any CPU
		{C4743E52-0CAC-4DFA-BD24-51AA3DDD3989}.Release 32bit|Any CPU.ActiveCfg = Release|Any CPU
		{C4743E52-0CAC-4DFA-BD24-51AA3DDD3989}.Release 32bit|Any CPU.Build.0 = Release|Any CPU
		{C4743E52-0CAC-4DFA-BD24-51AA3DDD3989}.Release 32bit|x64.ActiveCfg = Release|x64
		{C4743E52-0CAC-4DFA-BD24-51AA3DDD3989}.Release 32bit|x64.Build.0 = Release|x64
		{C4743E52-0CAC-4DFA-BD24-51AA3DDD3989}.Release 32bit|x86.ActiveCfg = Release|Any CPU
		{C4743E52-0CAC-4DFA-BD24-51AA3DDD3989}.Release 32bit|x86.Build.0 = Release|Any CPU
		{C4743E52-0CAC-4DFA-BD24-51AA3DDD3989}.Release 64bit|Any CPU.ActiveCfg = Release|Any CPU
		{C4743E52-0CAC-4DFA-BD24-51AA3DDD3989}.Release 64bit|Any CPU.Build.0 = Release|Any CPU
		{C4743E52-0CAC-4DFA-BD24-51AA3DDD3989}.Release 64bit|x64.ActiveCfg = Release|x64
		{C4743E52-0CAC-4DFA-BD24-51AA3DDD3989}.Release 64bit|x64.Build.0 = Release|x64
		{C4743E52-0CAC-4DFA-BD24-51AA3DDD3989}.Release 64bit|x86.ActiveCfg = Release|Any CPU
		{C4743E52-0CAC-4DFA-BD24-51AA3DDD3989}.Release 64bit|x86.Build.0 = Release|Any CPU
		{C4743E52-0CAC-4DFA-BD24-51AA3DDD3989}.Release 64bit-no-nan-tagging|Any CPU.ActiveCfg = Release|Any CPU
		{C4743E52-0CAC-4DFA-BD24-51AA3DDD3989}.Release 64bit-no-nan-tagging|Any CPU.Build.0 = Release|Any CPU
		{C4743E52-0CAC-4DFA-BD24-51AA3DDD3989}.Release 64bit-no-nan-tagging|x64.ActiveCfg = Release|x64
		{C4743E52-0CAC-4DFA-BD24-51AA3DDD3989}.Release 64bit-no-nan-tagging|x64.Build.0 = Release|x64
		{C4743E52-0CAC-4DFA-BD24-51AA3DDD3989}.Release 64bit-no-nan-tagging|x86.ActiveCfg = Release|Any CPU
		{C4743E52-0CAC-4DFA-BD24-51AA3DDD3989}.Release 64bit-no-nan-tagging|x86.Build.0 = Release|Any CPU
		{C4743E52-0CAC-4DFA-BD24-51AA3DDD3989}.Release|Any CPU.ActiveCfg = Release|Any CPU
		{C4743E52-0CAC-4DFA-BD24-51AA3DDD3989}.Release|Any CPU.Build.0 = Release|Any CPU
		{C4743E52-0CAC-4DFA-BD24-51AA3DDD3989}.Release|x64.ActiveCfg = Release|x64
		{C4743E52-0CAC-4DFA-BD24-51AA3DDD3989}.Release|x64.Build.0 = Release|x64
		{C4743E52-0CAC-4DFA-BD24-51AA3DDD3989}.Release|x86.ActiveCfg = Release|Any CPU
		{C4743E52-0CAC-4DFA-BD24-51AA3DDD3989}.Release|x86.Build.0 = Release|Any CPU
		{7C0AB57D-EA85-4AF3-B860-32B1070A104E}.Debug 32bit|Any CPU.ActiveCfg = Debug|Any CPU
		{7C0AB57D-EA85-4AF3-B860-32B1070A104E}.Debug 32bit|Any CPU.Build.0 = Debug|Any CPU
		{7C0AB57D-EA85-4AF3-B860-32B1070A104E}.Debug 32bit|x64.ActiveCfg = Debug|Any CPU
		{7C0AB57D-EA85-4AF3-B860-32B1070A104E}.Debug 32bit|x64.Build.0 = Debug|Any CPU
		{7C0AB57D-EA85-4AF3-B860-32B1070A104E}.Debug 32bit|x86.ActiveCfg = Debug|Any CPU
		{7C0AB57D-EA85-4AF3-B860-32B1070A104E}.Debug 32bit|x86.Build.0 = Debug|Any CPU
		{7C0AB57D-EA85-4AF3-B860-32B1070A104E}.Debug 64bit|Any CPU.ActiveCfg = Debug|Any CPU
		{7C0AB57D-EA85-4AF3-B860-32B1070A104E}.Debug 64bit|Any CPU.Build.0 = Debug|Any CPU
		{7C0AB57D-EA85-4AF3-B860-32B1070A104E}.Debug 64bit|x64.ActiveCfg = Debug|Any CPU
		{7C0AB57D-EA85-4AF3-B860-32B1070A104E}.Debug 64bit|x64.Build.0 = Debug|Any CPU
		{7C0AB57D-EA85-4AF3-B860-32B1070A104E}.Debug 64bit|x86.ActiveCfg = Debug|Any CPU
		{7C0AB57D-EA85-4AF3-B860-32B1070A104E}.Debug 64bit|x86.Build.0 = Debug|Any CPU
		{7C0AB57D-EA85-4AF3-B860-32B1070A104E}.Debug 64bit-no-nan-tagging|Any CPU.ActiveCfg = Debug|Any CPU
		{7C0AB57D-EA85-4AF3-B860-32B1070A104E}.Debug 64bit-no-nan-tagging|Any CPU.Build.0 = Debug|Any CPU
		{7C0AB57D-EA85-4AF3-B860-32B1070A104E}.Debug 64bit-no-nan-tagging|x64.ActiveCfg = Debug|Any CPU
		{7C0AB57D-EA85-4AF3-B860-32B1070A104E}.Debug 64bit-no-nan-tagging|x64.Build.0 = Debug|Any CPU
		{7C0AB57D-EA85-4AF3-B860-32B1070A104E}.Debug 64bit-no-nan-tagging|x86.ActiveCfg = Debug|Any CPU
		{7C0AB57D-EA85-4AF3-B860-32B1070A104E}.Debug 64bit-no-nan-tagging|x86.Build.0 = Debug|Any CPU
		{7C0AB57D-EA85-4AF3-B860-32B1070A104E}.Debug|Any CPU.ActiveCfg = Debug|Any CPU
		{7C0AB57D-EA85-4AF3-B860-32B1070A104E}.Debug|Any CPU.Build.0 = Debug|Any CPU
		{7C0AB57D-EA85-4AF3-B860-32B1070A104E}.Debug|x64.ActiveCfg = Debug|Any CPU
		{7C0AB57D-EA85-4AF3-B860-32B1070A104E}.Debug|x64.Build.0 = Debug|Any CPU
		{7C0AB57D-EA85-4AF3-B860-32B1070A104E}.Debug|x86.ActiveCfg = Debug|Any CPU
		{7C0AB57D-EA85-4AF3-B860-32B1070A104E}.Debug|x86.Build.0 = Debug|Any CPU
		{7C0AB57D-EA85-4AF3-B860-32B1070A104E}.Release 32bit|Any CPU.ActiveCfg = Release|Any CPU
		{7C0AB57D-EA85-4AF3-B860-32B1070A104E}.Release 32bit|Any CPU.Build.0 = Release|Any CPU
		{7C0AB57D-EA85-4AF3-B860-32B1070A104E}.Release 32bit|x64.ActiveCfg = Release|Any CPU
		{7C0AB57D-EA85-4AF3-B860-32B1070A104E}.Release 32bit|x64.Build.0 = Release|Any CPU
		{7C0AB57D-EA85-4AF3-B860-32B1070A104E}.Release 32bit|x86.ActiveCfg = Release|Any CPU
		{7C0AB57D-EA85-4AF3-B860-32B1070A104E}.Release 32bit|x86.Build.0 = Release|Any CPU
		{7C0AB57D-EA85-4AF3-B860-32B1070A104E}.Release 64bit|Any CPU.ActiveCfg = Release|Any CPU
		{7C0AB57D-EA85-4AF3-B860-32B1070A104E}.Release 64bit|Any CPU.Build.0 = Release|Any CPU
		{7C0AB57D-EA85-4AF3-B860-32B1070A104E}.Release 64bit|x64.ActiveCfg = Release|Any CPU
		{7C0AB57D-EA85-4AF3-B860-32B1070A104E}.Release 64bit|x64.Build.0 = Release|Any CPU
		{7C0AB57D-EA85-4AF3-B860-32B1070A104E}.Release 64bit|x86.ActiveCfg = Release|Any CPU
		{7C0AB57D-EA85-4AF3-B860-32B1070A104E}.Release 64bit|x86.Build.0 = Release|Any CPU
		{7C0AB57D-EA85-4AF3-B860-32B1070A104E}.Release 64bit-no-nan-tagging|Any CPU.ActiveCfg = Release|Any CPU
		{7C0AB57D-EA85-4AF3-B860-32B1070A104E}.Release 64bit-no-nan-tagging|Any CPU.Build.0 = Release|Any CPU
		{7C0AB57D-EA85-4AF3-B860-32B1070A104E}.Release 64bit-no-nan-tagging|x64.ActiveCfg = Release|Any CPU
		{7C0AB57D-EA85-4AF3-B860-32B1070A104E}.Release 64bit-no-nan-tagging|x64.Build.0 = Release|Any CPU
		{7C0AB57D-EA85-4AF3-B860-32B1070A104E}.Release 64bit-no-nan-tagging|x86.ActiveCfg = Release|Any CPU
		{7C0AB57D-EA85-4AF3-B860-32B1070A104E}.Release 64bit-no-nan-tagging|x86.Build.0 = Release|Any CPU
		{7C0AB57D-EA85-4AF3-B860-32B1070A104E}.Release|Any CPU.ActiveCfg = Release|Any CPU
		{7C0AB57D-EA85-4AF3-B860-32B1070A104E}.Release|Any CPU.Build.0 = Release|Any CPU
		{7C0AB57D-EA85-4AF3-B860-32B1070A104E}.Release|x64.ActiveCfg = Release|Any CPU
		{7C0AB57D-EA85-4AF3-B860-32B1070A104E}.Release|x64.Build.0 = Release|Any CPU
		{7C0AB57D-EA85-4AF3-B860-32B1070A104E}.Release|x86.ActiveCfg = Release|Any CPU
		{7C0AB57D-EA85-4AF3-B860-32B1070A104E}.Release|x86.Build.0 = Release|Any CPU
		{2166977E-A7F9-4BF7-B257-6FAB904495BC}.Debug 32bit|Any CPU.ActiveCfg = Debug|Any CPU
		{2166977E-A7F9-4BF7-B257-6FAB904495BC}.Debug 32bit|Any CPU.Build.0 = Debug|Any CPU
		{2166977E-A7F9-4BF7-B257-6FAB904495BC}.Debug 32bit|x64.ActiveCfg = Debug|Any CPU
		{2166977E-A7F9-4BF7-B257-6FAB904495BC}.Debug 32bit|x64.Build.0 = Debug|Any CPU
		{2166977E-A7F9-4BF7-B257-6FAB904495BC}.Debug 32bit|x86.ActiveCfg = Debug|Any CPU
		{2166977E-A7F9-4BF7-B257-6FAB904495BC}.Debug 32bit|x86.Build.0 = Debug|Any CPU
		{2166977E-A7F9-4BF7-B257-6FAB904495BC}.Debug 64bit|Any CPU.ActiveCfg = Debug|Any CPU
		{2166977E-A7F9-4BF7-B257-6FAB904495BC}.Debug 64bit|Any CPU.Build.0 = Debug|Any CPU
		{2166977E-A7F9-4BF7-B257-6FAB904495BC}.Debug 64bit|x64.ActiveCfg = Debug|Any CPU
		{2166977E-A7F9-4BF7-B257-6FAB904495BC}.Debug 64bit|x64.Build.0 = Debug|Any CPU
		{2166977E-A7F9-4BF7-B257-6FAB904495BC}.Debug 64bit|x86.ActiveCfg = Debug|Any CPU
		{2166977E-A7F9-4BF7-B257-6FAB904495BC}.Debug 64bit|x86.Build.0 = Debug|Any CPU
		{2166977E-A7F9-4BF7-B257-6FAB904495BC}.Debug 64bit-no-nan-tagging|Any CPU.ActiveCfg = Debug|Any CPU
		{2166977E-A7F9-4BF7-B257-6FAB904495BC}.Debug 64bit-no-nan-tagging|Any CPU.Build.0 = Debug|Any CPU
		{2166977E-A7F9-4BF7-B257-6FAB904495BC}.Debug 64bit-no-nan-tagging|x64.ActiveCfg = Debug|Any CPU
		{2166977E-A7F9-4BF7-B257-6FAB904495BC}.Debug 64bit-no-nan-tagging|x64.Build.0 = Debug|Any CPU
		{2166977E-A7F9-4BF7-B257-6FAB904495BC}.Debug 64bit-no-nan-tagging|x86.ActiveCfg = Debug|Any CPU
		{2166977E-A7F9-4BF7-B257-6FAB904495BC}.Debug 64bit-no-nan-tagging|x86.Build.0 = Debug|Any CPU
		{2166977E-A7F9-4BF7-B257-6FAB904495BC}.Debug|Any CPU.ActiveCfg = Debug|Any CPU
		{2166977E-A7F9-4BF7-B257-6FAB904495BC}.Debug|Any CPU.Build.0 = Debug|Any CPU
		{2166977E-A7F9-4BF7-B257-6FAB904495BC}.Debug|x64.ActiveCfg = Debug|Any CPU
		{2166977E-A7F9-4BF7-B257-6FAB904495BC}.Debug|x64.Build.0 = Debug|Any CPU
		{2166977E-A7F9-4BF7-B257-6FAB904495BC}.Debug|x86.ActiveCfg = Debug|Any CPU
		{2166977E-A7F9-4BF7-B257-6FAB904495BC}.Debug|x86.Build.0 = Debug|Any CPU
		{2166977E-A7F9-4BF7-B257-6FAB904495BC}.Release 32bit|Any CPU.ActiveCfg = Release|Any CPU
		{2166977E-A7F9-4BF7-B257-6FAB904495BC}.Release 32bit|Any CPU.Build.0 = Release|Any CPU
		{2166977E-A7F9-4BF7-B257-6FAB904495BC}.Release 32bit|x64.ActiveCfg = Release|Any CPU
		{2166977E-A7F9-4BF7-B257-6FAB904495BC}.Release 32bit|x64.Build.0 = Release|Any CPU
		{2166977E-A7F9-4BF7-B257-6FAB904495BC}.Release 32bit|x86.ActiveCfg = Release|Any CPU
		{2166977E-A7F9-4BF7-B257-6FAB904495BC}.Release 32bit|x86.Build.0 = Release|Any CPU
		{2166977E-A7F9-4BF7-B257-6FAB904495BC}.Release 64bit|Any CPU.ActiveCfg = Release|Any CPU
		{2166977E-A7F9-4BF7-B257-6FAB904495BC}.Release 64bit|Any CPU.Build.0 = Release|Any CPU
		{2166977E-A7F9-4BF7-B257-6FAB904495BC}.Release 64bit|x64.ActiveCfg = Release|Any CPU
		{2166977E-A7F9-4BF7-B257-6FAB904495BC}.Release 64bit|x64.Build.0 = Release|Any CPU
		{2166977E-A7F9-4BF7-B257-6FAB904495BC}.Release 64bit|x86.ActiveCfg = Release|Any CPU
		{2166977E-A7F9-4BF7-B257-6FAB904495BC}.Release 64bit|x86.Build.0 = Release|Any CPU
		{2166977E-A7F9-4BF7-B257-6FAB904495BC}.Release 64bit-no-nan-tagging|Any CPU.ActiveCfg = Release|Any CPU
		{2166977E-A7F9-4BF7-B257-6FAB904495BC}.Release 64bit-no-nan-tagging|Any CPU.Build.0 = Release|Any CPU
		{2166977E-A7F9-4BF7-B257-6FAB904495BC}.Release 64bit-no-nan-tagging|x64.ActiveCfg = Release|Any CPU
		{2166977E-A7F9-4BF7-B257-6FAB904495BC}.Release 64bit-no-nan-tagging|x64.Build.0 = Release|Any CPU
		{2166977E-A7F9-4BF7-B257-6FAB904495BC}.Release 64bit-no-nan-tagging|x86.ActiveCfg = Release|Any CPU
		{2166977E-A7F9-4BF7-B257-6FAB904495BC}.Release 64bit-no-nan-tagging|x86.Build.0 = Release|Any CPU
		{2166977E-A7F9-4BF7-B257-6FAB904495BC}.Release|Any CPU.ActiveCfg = Release|Any CPU
		{2166977E-A7F9-4BF7-B257-6FAB904495BC}.Release|Any CPU.Build.0 = Release|Any CPU
		{2166977E-A7F9-4BF7-B257-6FAB904495BC}.Release|x64.ActiveCfg = Release|Any CPU
		{2166977E-A7F9-4BF7-B257-6FAB904495BC}.Release|x64.Build.0 = Release|Any CPU
		{2166977E-A7F9-4BF7-B257-6FAB904495BC}.Release|x86.ActiveCfg = Release|Any CPU
		{2166977E-A7F9-4BF7-B257-6FAB904495BC}.Release|x86.Build.0 = Release|Any CPU
		{1B8ABE83-F8B6-47E3-A33F-D924EC4786EA}.Debug 32bit|Any CPU.ActiveCfg = Debug|Any CPU
		{1B8ABE83-F8B6-47E3-A33F-D924EC4786EA}.Debug 32bit|Any CPU.Build.0 = Debug|Any CPU
		{1B8ABE83-F8B6-47E3-A33F-D924EC4786EA}.Debug 32bit|x64.ActiveCfg = Debug|Any CPU
		{1B8ABE83-F8B6-47E3-A33F-D924EC4786EA}.Debug 32bit|x64.Build.0 = Debug|Any CPU
		{1B8ABE83-F8B6-47E3-A33F-D924EC4786EA}.Debug 32bit|x86.ActiveCfg = Debug|Any CPU
		{1B8ABE83-F8B6-47E3-A33F-D924EC4786EA}.Debug 32bit|x86.Build.0 = Debug|Any CPU
		{1B8ABE83-F8B6-47E3-A33F-D924EC4786EA}.Debug 64bit|Any CPU.ActiveCfg = Debug|Any CPU
		{1B8ABE83-F8B6-47E3-A33F-D924EC4786EA}.Debug 64bit|Any CPU.Build.0 = Debug|Any CPU
		{1B8ABE83-F8B6-47E3-A33F-D924EC4786EA}.Debug 64bit|x64.ActiveCfg = Debug|Any CPU
		{1B8ABE83-F8B6-47E3-A33F-D924EC4786EA}.Debug 64bit|x64.Build.0 = Debug|Any CPU
		{1B8ABE83-F8B6-47E3-A33F-D924EC4786EA}.Debug 64bit|x86.ActiveCfg = Debug|Any CPU
		{1B8ABE83-F8B6-47E3-A33F-D924EC4786EA}.Debug 64bit|x86.Build.0 = Debug|Any CPU
		{1B8ABE83-F8B6-47E3-A33F-D924EC4786EA}.Debug 64bit-no-nan-tagging|Any CPU.ActiveCfg = Debug|Any CPU
		{1B8ABE83-F8B6-47E3-A33F-D924EC4786EA}.Debug 64bit-no-nan-tagging|Any CPU.Build.0 = Debug|Any CPU
		{1B8ABE83-F8B6-47E3-A33F-D924EC4786EA}.Debug 64bit-no-nan-tagging|x64.ActiveCfg = Debug|Any CPU
		{1B8ABE83-F8B6-47E3-A33F-D924EC4786EA}.Debug 64bit-no-nan-tagging|x64.Build.0 = Debug|Any CPU
		{1B8ABE83-F8B6-47E3-A33F-D924EC4786EA}.Debug 64bit-no-nan-tagging|x86.ActiveCfg = Debug|Any CPU
		{1B8ABE83-F8B6-47E3-A33F-D924EC4786EA}.Debug 64bit-no-nan-tagging|x86.Build.0 = Debug|Any CPU
		{1B8ABE83-F8B6-47E3-A33F-D924EC4786EA}.Debug|Any CPU.ActiveCfg = Debug|Any CPU
		{1B8ABE83-F8B6-47E3-A33F-D924EC4786EA}.Debug|Any CPU.Build.0 = Debug|Any CPU
		{1B8ABE83-F8B6-47E3-A33F-D924EC4786EA}.Debug|x64.ActiveCfg = Debug|Any CPU
		{1B8ABE83-F8B6-47E3-A33F-D924EC4786EA}.Debug|x64.Build.0 = Debug|Any CPU
		{1B8ABE83-F8B6-47E3-A33F-D924EC4786EA}.Debug|x86.ActiveCfg = Debug|Any CPU
		{1B8ABE83-F8B6-47E3-A33F-D924EC4786EA}.Debug|x86.Build.0 = Debug|Any CPU
		{1B8ABE83-F8B6-47E3-A33F-D924EC4786EA}.Release 32bit|Any CPU.ActiveCfg = Release|Any CPU
		{1B8ABE83-F8B6-47E3-A33F-D924EC4786EA}.Release 32bit|Any CPU.Build.0 = Release|Any CPU
		{1B8ABE83-F8B6-47E3-A33F-D924EC4786EA}.Release 32bit|x64.ActiveCfg = Release|Any CPU
		{1B8ABE83-F8B6-47E3-A33F-D924EC4786EA}.Release 32bit|x64.Build.0 = Release|Any CPU
		{1B8ABE83-F8B6-47E3-A33F-D924EC4786EA}.Release 32bit|x86.ActiveCfg = Release|Any CPU
		{1B8ABE83-F8B6-47E3-A33F-D924EC4786EA}.Release 32bit|x86.Build.0 = Release|Any CPU
		{1B8ABE83-F8B6-47E3-A33F-D924EC4786EA}.Release 64bit|Any CPU.ActiveCfg = Release|Any CPU
		{1B8ABE83-F8B6-47E3-A33F-D924EC4786EA}.Release 64bit|Any CPU.Build.0 = Release|Any CPU
		{1B8ABE83-F8B6-47E3-A33F-D924EC4786EA}.Release 64bit|x64.ActiveCfg = Release|Any CPU
		{1B8ABE83-F8B6-47E3-A33F-D924EC4786EA}.Release 64bit|x64.Build.0 = Release|Any CPU
		{1B8ABE83-F8B6-47E3-A33F-D924EC4786EA}.Release 64bit|x86.ActiveCfg = Release|Any CPU
		{1B8ABE83-F8B6-47E3-A33F-D924EC4786EA}.Release 64bit|x86.Build.0 = Release|Any CPU
		{1B8ABE83-F8B6-47E3-A33F-D924EC4786EA}.Release 64bit-no-nan-tagging|Any CPU.ActiveCfg = Release|Any CPU
		{1B8ABE83-F8B6-47E3-A33F-D924EC4786EA}.Release 64bit-no-nan-tagging|Any CPU.Build.0 = Release|Any CPU
		{1B8ABE83-F8B6-47E3-A33F-D924EC4786EA}.Release 64bit-no-nan-tagging|x64.ActiveCfg = Release|Any CPU
		{1B8ABE83-F8B6-47E3-A33F-D924EC4786EA}.Release 64bit-no-nan-tagging|x64.Build.0 = Release|Any CPU
		{1B8ABE83-F8B6-47E3-A33F-D924EC4786EA}.Release 64bit-no-nan-tagging|x86.ActiveCfg = Release|Any CPU
		{1B8ABE83-F8B6-47E3-A33F-D924EC4786EA}.Release 64bit-no-nan-tagging|x86.Build.0 = Release|Any CPU
		{1B8ABE83-F8B6-47E3-A33F-D924EC4786EA}.Release|Any CPU.ActiveCfg = Release|Any CPU
		{1B8ABE83-F8B6-47E3-A33F-D924EC4786EA}.Release|Any CPU.Build.0 = Release|Any CPU
		{1B8ABE83-F8B6-47E3-A33F-D924EC4786EA}.Release|x64.ActiveCfg = Release|Any CPU
		{1B8ABE83-F8B6-47E3-A33F-D924EC4786EA}.Release|x64.Build.0 = Release|Any CPU
		{1B8ABE83-F8B6-47E3-A33F-D924EC4786EA}.Release|x86.ActiveCfg = Release|Any CPU
		{1B8ABE83-F8B6-47E3-A33F-D924EC4786EA}.Release|x86.Build.0 = Release|Any CPU
	EndGlobalSection
	GlobalSection(SolutionProperties) = preSolution
		HideSolutionNode = FALSE
	EndGlobalSection
	GlobalSection(ExtensibilityGlobals) = postSolution
		SolutionGuid = {83B3110B-148C-4E41-9A2B-058B8518393B}
	EndGlobalSection
EndGlobal
